
Microsoft Visual Studio Solution File, Format Version 12.00
# Visual Studio Version 16
VisualStudioVersion = 16.0.30517.126
MinimumVisualStudioVersion = 10.0.40219.1
Project("{FAE04EC0-301F-11D3-BF4B-00C04F79EFBC}") = "OOPpet", "OOPpet\OOPpet.csproj", "{D5035C05-7649-43A6-BA7F-C2FD634A61B2}"
EndProject
Project("{FAE04EC0-301F-11D3-BF4B-00C04F79EFBC}") = "OOPcar", "OOPcar\OOPcar.csproj", "{65BCEB92-3AB5-4B95-98F5-1CA3FCC4477F}"
EndProject
Global
	GlobalSection(SolutionConfigurationPlatforms) = preSolution
		Debug|Any CPU = Debug|Any CPU
		Release|Any CPU = Release|Any CPU
	EndGlobalSection
	GlobalSection(ProjectConfigurationPlatforms) = postSolution
		{D5035C05-7649-43A6-BA7F-C2FD634A61B2}.Debug|Any CPU.ActiveCfg = Debug|Any CPU
		{D5035C05-7649-43A6-BA7F-C2FD634A61B2}.Debug|Any CPU.Build.0 = Debug|Any CPU
		{D5035C05-7649-43A6-BA7F-C2FD634A61B2}.Release|Any CPU.ActiveCfg = Release|Any CPU
		{D5035C05-7649-43A6-BA7F-C2FD634A61B2}.Release|Any CPU.Build.0 = Release|Any CPU
		{65BCEB92-3AB5-4B95-98F5-1CA3FCC4477F}.Debug|Any CPU.ActiveCfg = Debug|Any CPU
		{65BCEB92-3AB5-4B95-98F5-1CA3FCC4477F}.Debug|Any CPU.Build.0 = Debug|Any CPU
		{65BCEB92-3AB5-4B95-98F5-1CA3FCC4477F}.Release|Any CPU.ActiveCfg = Release|Any CPU
		{65BCEB92-3AB5-4B95-98F5-1CA3FCC4477F}.Release|Any CPU.Build.0 = Release|Any CPU
	EndGlobalSection
	GlobalSection(SolutionProperties) = preSolution
		HideSolutionNode = FALSE
	EndGlobalSection
	GlobalSection(ExtensibilityGlobals) = postSolution
		SolutionGuid = {BA30E26A-381D-45B0-9D0F-E7EE8836CDB4}
	EndGlobalSection
EndGlobal
